// !$*UTF8*$!
{
	archiveVersion = 1;
	classes = {
	};
	objectVersion = 50;
	objects = {

/* Begin PBXBuildFile section */
		AFFA79E5243A51F5002616C8 /* Makefile in Sources */ = {isa = PBXBuildFile; fileRef = AFFA79DD243A51F5002616C8 /* Makefile */; };
		AFFA79E6243A51F5002616C8 /* main.cpp in Sources */ = {isa = PBXBuildFile; fileRef = AFFA79DE243A51F5002616C8 /* main.cpp */; };
		AFFA79E7243A51F5002616C8 /* Maze.cpp in Sources */ = {isa = PBXBuildFile; fileRef = AFFA79E2243A51F5002616C8 /* Maze.cpp */; };
		AFFA79E9243A543E002616C8 /* MyPathFinder.cpp in Sources */ = {isa = PBXBuildFile; fileRef = AFFA79E8243A543E002616C8 /* MyPathFinder.cpp */; };
/* End PBXBuildFile section */

/* Begin PBXCopyFilesBuildPhase section */
		AFFA79D0243A51A8002616C8 /* CopyFiles */ = {
			isa = PBXCopyFilesBuildPhase;
			buildActionMask = 2147483647;
			dstPath = /usr/share/man/man1/;
			dstSubfolderSpec = 0;
			files = (
			);
			runOnlyForDeploymentPostprocessing = 1;
		};
/* End PBXCopyFilesBuildPhase section */

/* Begin PBXFileReference section */
		AFFA79D2243A51A8002616C8 /* MicromouseMazeSolver */ = {isa = PBXFileReference; explicitFileType = "compiled.mach-o.executable"; includeInIndex = 0; path = MicromouseMazeSolver; sourceTree = BUILT_PRODUCTS_DIR; };
		AFFA79DC243A51F5002616C8 /* Maze.h */ = {isa = PBXFileReference; fileEncoding = 4; lastKnownFileType = sourcecode.c.h; name = Maze.h; path = ../../Maze.h; sourceTree = "<group>"; };
		AFFA79DD243A51F5002616C8 /* Makefile */ = {isa = PBXFileReference; fileEncoding = 4; lastKnownFileType = sourcecode.make; name = Makefile; path = ../../Makefile; sourceTree = "<group>"; };
		AFFA79DE243A51F5002616C8 /* main.cpp */ = {isa = PBXFileReference; fileEncoding = 4; lastKnownFileType = sourcecode.cpp.cpp; name = main.cpp; path = ../../main.cpp; sourceTree = "<group>"; };
		AFFA79DF243A51F5002616C8 /* BitVector256.h */ = {isa = PBXFileReference; fileEncoding = 4; lastKnownFileType = sourcecode.c.h; name = BitVector256.h; path = ../../BitVector256.h; sourceTree = "<group>"; };
		AFFA79E0243A51F5002616C8 /* Dir.h */ = {isa = PBXFileReference; fileEncoding = 4; lastKnownFileType = sourcecode.c.h; name = Dir.h; path = ../../Dir.h; sourceTree = "<group>"; };
		AFFA79E1243A51F5002616C8 /* LICENSE */ = {isa = PBXFileReference; fileEncoding = 4; lastKnownFileType = text; name = LICENSE; path = ../../LICENSE; sourceTree = "<group>"; };
		AFFA79E2243A51F5002616C8 /* Maze.cpp */ = {isa = PBXFileReference; fileEncoding = 4; lastKnownFileType = sourcecode.cpp.cpp; name = Maze.cpp; path = ../../Maze.cpp; sourceTree = "<group>"; };
		AFFA79E3243A51F5002616C8 /* MazeDefinitions.h */ = {isa = PBXFileReference; fileEncoding = 4; lastKnownFileType = sourcecode.c.h; name = MazeDefinitions.h; path = ../../MazeDefinitions.h; sourceTree = "<group>"; };
		AFFA79E4243A51F5002616C8 /* PathFinder.h */ = {isa = PBXFileReference; fileEncoding = 4; lastKnownFileType = sourcecode.c.h; name = PathFinder.h; path = ../../PathFinder.h; sourceTree = "<group>"; };
		AFFA79E8243A543E002616C8 /* MyPathFinder.cpp */ = {isa = PBXFileReference; lastKnownFileType = sourcecode.cpp.cpp; path = MyPathFinder.cpp; sourceTree = "<group>"; };
		AFFA79EA243A63AD002616C8 /* MyPathFinder.h */ = {isa = PBXFileReference; lastKnownFileType = sourcecode.c.h; path = MyPathFinder.h; sourceTree = "<group>"; };
/* End PBXFileReference section */

/* Begin PBXFrameworksBuildPhase section */
		AFFA79CF243A51A8002616C8 /* Frameworks */ = {
			isa = PBXFrameworksBuildPhase;
			buildActionMask = 2147483647;
			files = (
			);
			runOnlyForDeploymentPostprocessing = 0;
		};
/* End PBXFrameworksBuildPhase section */

/* Begin PBXGroup section */
		AFFA79C9243A51A8002616C8 = {
			isa = PBXGroup;
			children = (
				AFFA79D4243A51A8002616C8 /* MicromouseMazeSolver */,
				AFFA79D3243A51A8002616C8 /* Products */,
			);
			sourceTree = "<group>";
		};
		AFFA79D3243A51A8002616C8 /* Products */ = {
			isa = PBXGroup;
			children = (
				AFFA79D2243A51A8002616C8 /* MicromouseMazeSolver */,
			);
			name = Products;
			sourceTree = "<group>";
		};
		AFFA79D4243A51A8002616C8 /* MicromouseMazeSolver */ = {
			isa = PBXGroup;
			children = (
				AFFA79DF243A51F5002616C8 /* BitVector256.h */,
				AFFA79EA243A63AD002616C8 /* MyPathFinder.h */,
				AFFA79E8243A543E002616C8 /* MyPathFinder.cpp */,
				AFFA79E0243A51F5002616C8 /* Dir.h */,
				AFFA79E1243A51F5002616C8 /* LICENSE */,
				AFFA79DE243A51F5002616C8 /* main.cpp */,
				AFFA79DD243A51F5002616C8 /* Makefile */,
				AFFA79E2243A51F5002616C8 /* Maze.cpp */,
				AFFA79DC243A51F5002616C8 /* Maze.h */,
				AFFA79E3243A51F5002616C8 /* MazeDefinitions.h */,
				AFFA79E4243A51F5002616C8 /* PathFinder.h */,
			);
			path = MicromouseMazeSolver;
			sourceTree = "<group>";
		};
/* End PBXGroup section */

/* Begin PBXNativeTarget section */
		AFFA79D1243A51A8002616C8 /* MicromouseMazeSolver */ = {
			isa = PBXNativeTarget;
			buildConfigurationList = AFFA79D9243A51A8002616C8 /* Build configuration list for PBXNativeTarget "MicromouseMazeSolver" */;
			buildPhases = (
				AFFA79CE243A51A8002616C8 /* Sources */,
				AFFA79CF243A51A8002616C8 /* Frameworks */,
				AFFA79D0243A51A8002616C8 /* CopyFiles */,
			);
			buildRules = (
			);
			dependencies = (
			);
			name = MicromouseMazeSolver;
			productName = MicromouseMazeSolver;
			productReference = AFFA79D2243A51A8002616C8 /* MicromouseMazeSolver */;
			productType = "com.apple.product-type.tool";
		};
/* End PBXNativeTarget section */

/* Begin PBXProject section */
		AFFA79CA243A51A8002616C8 /* Project object */ = {
			isa = PBXProject;
			attributes = {
				LastUpgradeCheck = 1130;
				ORGANIZATIONNAME = UCLA;
				TargetAttributes = {
					AFFA79D1243A51A8002616C8 = {
						CreatedOnToolsVersion = 11.3;
					};
				};
			};
			buildConfigurationList = AFFA79CD243A51A8002616C8 /* Build configuration list for PBXProject "MicromouseMazeSolver" */;
			compatibilityVersion = "Xcode 9.3";
			developmentRegion = en;
			hasScannedForEncodings = 0;
			knownRegions = (
				en,
				Base,
			);
			mainGroup = AFFA79C9243A51A8002616C8;
			productRefGroup = AFFA79D3243A51A8002616C8 /* Products */;
			projectDirPath = "";
			projectRoot = "";
			targets = (
				AFFA79D1243A51A8002616C8 /* MicromouseMazeSolver */,
			);
		};
/* End PBXProject section */

/* Begin PBXSourcesBuildPhase section */
		AFFA79CE243A51A8002616C8 /* Sources */ = {
			isa = PBXSourcesBuildPhase;
			buildActionMask = 2147483647;
			files = (
				AFFA79E9243A543E002616C8 /* MyPathFinder.cpp in Sources */,
				AFFA79E5243A51F5002616C8 /* Makefile in Sources */,
				AFFA79E7243A51F5002616C8 /* Maze.cpp in Sources */,
				AFFA79E6243A51F5002616C8 /* main.cpp in Sources */,
			);
			runOnlyForDeploymentPostprocessing = 0;
		};
/* End PBXSourcesBuildPhase section */

/* Begin XCBuildConfiguration section */
		AFFA79D7243A51A8002616C8 /* Debug */ = {
			isa = XCBuildConfiguration;
			buildSettings = {
				ALWAYS_SEARCH_USER_PATHS = NO;
				CLANG_ANALYZER_NONNULL = YES;
				CLANG_ANALYZER_NUMBER_OBJECT_CONVERSION = YES_AGGRESSIVE;
				CLANG_CXX_LANGUAGE_STANDARD = "gnu++14";
				CLANG_CXX_LIBRARY = "libc++";
				CLANG_ENABLE_MODULES = YES;
				CLANG_ENABLE_OBJC_ARC = YES;
				CLANG_ENABLE_OBJC_WEAK = YES;
				CLANG_WARN_BLOCK_CAPTURE_AUTORELEASING = YES;
				CLANG_WARN_BOOL_CONVERSION = YES;
				CLANG_WARN_COMMA = YES;
				CLANG_WARN_CONSTANT_CONVERSION = YES;
				CLANG_WARN_DEPRECATED_OBJC_IMPLEMENTATIONS = YES;
				CLANG_WARN_DIRECT_OBJC_ISA_USAGE = YES_ERROR;
				CLANG_WARN_DOCUMENTATION_COMMENTS = YES;
				CLANG_WARN_EMPTY_BODY = YES;
				CLANG_WARN_ENUM_CONVERSION = YES;
				CLANG_WARN_INFINITE_RECURSION = YES;
				CLANG_WARN_INT_CONVERSION = YES;
				CLANG_WARN_NON_LITERAL_NULL_CONVERSION = YES;
				CLANG_WARN_OBJC_IMPLICIT_RETAIN_SELF = YES;
				CLANG_WARN_OBJC_LITERAL_CONVERSION = YES;
				CLANG_WARN_OBJC_ROOT_CLASS = YES_ERROR;
				CLANG_WARN_RANGE_LOOP_ANALYSIS = YES;
				CLANG_WARN_STRICT_PROTOTYPES = YES;
				CLANG_WARN_SUSPICIOUS_MOVE = YES;
				CLANG_WARN_UNGUARDED_AVAILABILITY = YES_AGGRESSIVE;
				CLANG_WARN_UNREACHABLE_CODE = YES;
				CLANG_WARN__DUPLICATE_METHOD_MATCH = YES;
				COPY_PHASE_STRIP = NO;
				DEBUG_INFORMATION_FORMAT = dwarf;
				ENABLE_STRICT_OBJC_MSGSEND = YES;
				ENABLE_TESTABILITY = YES;
				GCC_C_LANGUAGE_STANDARD = gnu11;
				GCC_DYNAMIC_NO_PIC = NO;
				GCC_NO_COMMON_BLOCKS = YES;
				GCC_OPTIMIZATION_LEVEL = 0;
				GCC_PREPROCESSOR_DEFINITIONS = (
					"DEBUG=1",
					"$(inherited)",
				);
				GCC_WARN_64_TO_32_BIT_CONVERSION = YES;
				GCC_WARN_ABOUT_RETURN_TYPE = YES_ERROR;
				GCC_WARN_UNDECLARED_SELECTOR = YES;
				GCC_WARN_UNINITIALIZED_AUTOS = YES_AGGRESSIVE;
				GCC_WARN_UNUSED_FUNCTION = YES;
				GCC_WARN_UNUSED_VARIABLE = YES;
				MACOSX_DEPLOYMENT_TARGET = 10.14;
				MTL_ENABLE_DEBUG_INFO = INCLUDE_SOURCE;
				MTL_FAST_MATH = YES;
				ONLY_ACTIVE_ARCH = YES;
				SDKROOT = macosx;
			};
			name = Debug;
		};
		AFFA79D8243A51A8002616C8 /* Release */ = {
			isa = XCBuildConfiguration;
			buildSettings = {
				ALWAYS_SEARCH_USER_PATHS = NO;
				CLANG_ANALYZER_NONNULL = YES;
				CLANG_ANALYZER_NUMBER_OBJECT_CONVERSION = YES_AGGRESSIVE;
				CLANG_CXX_LANGUAGE_STANDARD = "gnu++14";
				CLANG_CXX_LIBRARY = "libc++";
				CLANG_ENABLE_MODULES = YES;
				CLANG_ENABLE_OBJC_ARC = YES;
				CLANG_ENABLE_OBJC_WEAK = YES;
				CLANG_WARN_BLOCK_CAPTURE_AUTORELEASING = YES;
				CLANG_WARN_BOOL_CONVERSION = YES;
				CLANG_WARN_COMMA = YES;
				CLANG_WARN_CONSTANT_CONVERSION = YES;
				CLANG_WARN_DEPRECATED_OBJC_IMPLEMENTATIONS = YES;
				CLANG_WARN_DIRECT_OBJC_ISA_USAGE = YES_ERROR;
				CLANG_WARN_DOCUMENTATION_COMMENTS = YES;
				CLANG_WARN_EMPTY_BODY = YES;
				CLANG_WARN_ENUM_CONVERSION = YES;
				CLANG_WARN_INFINITE_RECURSION = YES;
				CLANG_WARN_INT_CONVERSION = YES;
				CLANG_WARN_NON_LITERAL_NULL_CONVERSION = YES;
				CLANG_WARN_OBJC_IMPLICIT_RETAIN_SELF = YES;
				CLANG_WARN_OBJC_LITERAL_CONVERSION = YES;
				CLANG_WARN_OBJC_ROOT_CLASS = YES_ERROR;
				CLANG_WARN_RANGE_LOOP_ANALYSIS = YES;
				CLANG_WARN_STRICT_PROTOTYPES = YES;
				CLANG_WARN_SUSPICIOUS_MOVE = YES;
				CLANG_WARN_UNGUARDED_AVAILABILITY = YES_AGGRESSIVE;
				CLANG_WARN_UNREACHABLE_CODE = YES;
				CLANG_WARN__DUPLICATE_METHOD_MATCH = YES;
				COPY_PHASE_STRIP = NO;
				DEBUG_INFORMATION_FORMAT = "dwarf-with-dsym";
				ENABLE_NS_ASSERTIONS = NO;
				ENABLE_STRICT_OBJC_MSGSEND = YES;
				GCC_C_LANGUAGE_STANDARD = gnu11;
				GCC_NO_COMMON_BLOCKS = YES;
				GCC_WARN_64_TO_32_BIT_CONVERSION = YES;
				GCC_WARN_ABOUT_RETURN_TYPE = YES_ERROR;
				GCC_WARN_UNDECLARED_SELECTOR = YES;
				GCC_WARN_UNINITIALIZED_AUTOS = YES_AGGRESSIVE;
				GCC_WARN_UNUSED_FUNCTION = YES;
				GCC_WARN_UNUSED_VARIABLE = YES;
				MACOSX_DEPLOYMENT_TARGET = 10.14;
				MTL_ENABLE_DEBUG_INFO = NO;
				MTL_FAST_MATH = YES;
				SDKROOT = macosx;
			};
			name = Release;
		};
		AFFA79DA243A51A8002616C8 /* Debug */ = {
			isa = XCBuildConfiguration;
			buildSettings = {
				CODE_SIGN_STYLE = Automatic;
				PRODUCT_NAME = "$(TARGET_NAME)";
			};
			name = Debug;
		};
		AFFA79DB243A51A8002616C8 /* Release */ = {
			isa = XCBuildConfiguration;
			buildSettings = {
				CODE_SIGN_STYLE = Automatic;
				PRODUCT_NAME = "$(TARGET_NAME)";
			};
			name = Release;
		};
/* End XCBuildConfiguration section */

/* Begin XCConfigurationList section */
		AFFA79CD243A51A8002616C8 /* Build configuration list for PBXProject "MicromouseMazeSolver" */ = {
			isa = XCConfigurationList;
			buildConfigurations = (
				AFFA79D7243A51A8002616C8 /* Debug */,
				AFFA79D8243A51A8002616C8 /* Release */,
			);
			defaultConfigurationIsVisible = 0;
			defaultConfigurationName = Release;
		};
		AFFA79D9243A51A8002616C8 /* Build configuration list for PBXNativeTarget "MicromouseMazeSolver" */ = {
			isa = XCConfigurationList;
			buildConfigurations = (
				AFFA79DA243A51A8002616C8 /* Debug */,
				AFFA79DB243A51A8002616C8 /* Release */,
			);
			defaultConfigurationIsVisible = 0;
			defaultConfigurationName = Release;
		};
/* End XCConfigurationList section */
	};
	rootObject = AFFA79CA243A51A8002616C8 /* Project object */;
}
